
Microsoft Visual Studio Solution File, Format Version 12.00
# Visual Studio Version 17
VisualStudioVersion = 17.0.31903.59
MinimumVisualStudioVersion = 10.0.40219.1
Project("{2150E333-8FDC-42A3-9474-1A3956D46DE8}") = "src", "src", "{827E0CD3-B72D-47B6-A68D-7590B98EB39B}"
EndProject
Project("{FAE04EC0-301F-11D3-BF4B-00C04F79EFBC}") = "EBookLibrary.Infrastructure", "src\EBookLibrary.Infrastructure\EBookLibrary.Infrastructure.csproj", "{BB908735-977C-445A-BFB9-19F25972F137}"
EndProject
Project("{FAE04EC0-301F-11D3-BF4B-00C04F79EFBC}") = "EBookLibrary.WebApi", "src\EBookLibrary.WebApi\EBookLibrary.WebApi.csproj", "{F0574B94-7462-44F8-B2E8-06CA9A784557}"
EndProject
Project("{FAE04EC0-301F-11D3-BF4B-00C04F79EFBC}") = "EBookLibrary.Blazor", "src\EBookLibrary.Blazor\EBookLibrary.Blazor.csproj", "{E3BB4F6E-A573-46FD-AA09-B08FECF27B19}"
EndProject
Project("{2150E333-8FDC-42A3-9474-1A3956D46DE8}") = "tests", "tests", "{0AB3BF05-4346-4AA6-1389-037BE0695223}"
EndProject
Project("{FAE04EC0-301F-11D3-BF4B-00C04F79EFBC}") = "EBookLibrary.Domain.Tests", "tests\EBookLibrary.Domain.Tests\EBookLibrary.Domain.Tests.csproj", "{E7120DD4-37C5-452A-8253-A6531D0C31E5}"
EndProject
Project("{FAE04EC0-301F-11D3-BF4B-00C04F79EFBC}") = "EBookLibrary.Domain", "src\EBookLibrary.Domain\EBookLibrary.Domain.csproj", "{B4C51ECC-8C8F-4DAD-B75F-39DB1F792CAE}"
EndProject
Project("{FAE04EC0-301F-11D3-BF4B-00C04F79EFBC}") = "EBookLibrary.Application", "src\EBookLibrary.Application\EBookLibrary.Application.csproj", "{41722AFD-EA28-4A45-8F6B-8B3A17D31B73}"
EndProject
Project("{FAE04EC0-301F-11D3-BF4B-00C04F79EFBC}") = "EBookLibrary.Application.Tests", "tests\EBookLibrary.Application.Tests\EBookLibrary.Application.Tests.csproj", "{D061915D-D20F-4C66-AD5F-9F52ADF58A3F}"
EndProject
Project("{FAE04EC0-301F-11D3-BF4B-00C04F79EFBC}") = "EBookLibrary.WebApi.Tests", "tests\EBookLibrary.WebApi.Tests\EBookLibrary.WebApi.Tests.csproj", "{62BCDFF7-013F-4BE7-BD21-116D9B8EEE2E}"
EndProject
Project("{2150E333-8FDC-42A3-9474-1A3956D46DE8}") = "scripts", "scripts", "{C4AD9936-F0DF-1090-6077-3D4A6324E662}"
EndProject
Project("{FAE04EC0-301F-11D3-BF4B-00C04F79EFBC}") = "EBookLibrary.Seeder", "scripts\EBookLibrary.Seeder\EBookLibrary.Seeder.csproj", "{E3C68EB1-C58E-4DF2-A9DC-26EAEDF7C29E}"
EndProject
Project("{FAE04EC0-301F-11D3-BF4B-00C04F79EFBC}") = "EBookLibrary.E2E.Tests", "tests\EBookLibrary.E2E.Tests\EBookLibrary.E2E.Tests.csproj", "{6C0EE925-0C85-4349-A33F-F00EB2F038D6}"
EndProject
Global
	GlobalSection(SolutionConfigurationPlatforms) = preSolution
		Debug|Any CPU = Debug|Any CPU
		Debug|x64 = Debug|x64
		Debug|x86 = Debug|x86
		Release|Any CPU = Release|Any CPU
		Release|x64 = Release|x64
		Release|x86 = Release|x86
	EndGlobalSection
	GlobalSection(ProjectConfigurationPlatforms) = postSolution
		{BB908735-977C-445A-BFB9-19F25972F137}.Debug|Any CPU.ActiveCfg = Debug|Any CPU
		{BB908735-977C-445A-BFB9-19F25972F137}.Debug|Any CPU.Build.0 = Debug|Any CPU
		{BB908735-977C-445A-BFB9-19F25972F137}.Debug|x64.ActiveCfg = Debug|Any CPU
		{BB908735-977C-445A-BFB9-19F25972F137}.Debug|x64.Build.0 = Debug|Any CPU
		{BB908735-977C-445A-BFB9-19F25972F137}.Debug|x86.ActiveCfg = Debug|Any CPU
		{BB908735-977C-445A-BFB9-19F25972F137}.Debug|x86.Build.0 = Debug|Any CPU
		{BB908735-977C-445A-BFB9-19F25972F137}.Release|Any CPU.ActiveCfg = Release|Any CPU
		{BB908735-977C-445A-BFB9-19F25972F137}.Release|Any CPU.Build.0 = Release|Any CPU
		{BB908735-977C-445A-BFB9-19F25972F137}.Release|x64.ActiveCfg = Release|Any CPU
		{BB908735-977C-445A-BFB9-19F25972F137}.Release|x64.Build.0 = Release|Any CPU
		{BB908735-977C-445A-BFB9-19F25972F137}.Release|x86.ActiveCfg = Release|Any CPU
		{BB908735-977C-445A-BFB9-19F25972F137}.Release|x86.Build.0 = Release|Any CPU
		{F0574B94-7462-44F8-B2E8-06CA9A784557}.Debug|Any CPU.ActiveCfg = Debug|Any CPU
		{F0574B94-7462-44F8-B2E8-06CA9A784557}.Debug|Any CPU.Build.0 = Debug|Any CPU
		{F0574B94-7462-44F8-B2E8-06CA9A784557}.Debug|x64.ActiveCfg = Debug|Any CPU
		{F0574B94-7462-44F8-B2E8-06CA9A784557}.Debug|x64.Build.0 = Debug|Any CPU
		{F0574B94-7462-44F8-B2E8-06CA9A784557}.Debug|x86.ActiveCfg = Debug|Any CPU
		{F0574B94-7462-44F8-B2E8-06CA9A784557}.Debug|x86.Build.0 = Debug|Any CPU
		{F0574B94-7462-44F8-B2E8-06CA9A784557}.Release|Any CPU.ActiveCfg = Release|Any CPU
		{F0574B94-7462-44F8-B2E8-06CA9A784557}.Release|Any CPU.Build.0 = Release|Any CPU
		{F0574B94-7462-44F8-B2E8-06CA9A784557}.Release|x64.ActiveCfg = Release|Any CPU
		{F0574B94-7462-44F8-B2E8-06CA9A784557}.Release|x64.Build.0 = Release|Any CPU
		{F0574B94-7462-44F8-B2E8-06CA9A784557}.Release|x86.ActiveCfg = Release|Any CPU
		{F0574B94-7462-44F8-B2E8-06CA9A784557}.Release|x86.Build.0 = Release|Any CPU
		{E3BB4F6E-A573-46FD-AA09-B08FECF27B19}.Debug|Any CPU.ActiveCfg = Debug|Any CPU
		{E3BB4F6E-A573-46FD-AA09-B08FECF27B19}.Debug|Any CPU.Build.0 = Debug|Any CPU
		{E3BB4F6E-A573-46FD-AA09-B08FECF27B19}.Debug|x64.ActiveCfg = Debug|Any CPU
		{E3BB4F6E-A573-46FD-AA09-B08FECF27B19}.Debug|x64.Build.0 = Debug|Any CPU
		{E3BB4F6E-A573-46FD-AA09-B08FECF27B19}.Debug|x86.ActiveCfg = Debug|Any CPU
		{E3BB4F6E-A573-46FD-AA09-B08FECF27B19}.Debug|x86.Build.0 = Debug|Any CPU
		{E3BB4F6E-A573-46FD-AA09-B08FECF27B19}.Release|Any CPU.ActiveCfg = Release|Any CPU
		{E3BB4F6E-A573-46FD-AA09-B08FECF27B19}.Release|Any CPU.Build.0 = Release|Any CPU
		{E3BB4F6E-A573-46FD-AA09-B08FECF27B19}.Release|x64.ActiveCfg = Release|Any CPU
		{E3BB4F6E-A573-46FD-AA09-B08FECF27B19}.Release|x64.Build.0 = Release|Any CPU
		{E3BB4F6E-A573-46FD-AA09-B08FECF27B19}.Release|x86.ActiveCfg = Release|Any CPU
		{E3BB4F6E-A573-46FD-AA09-B08FECF27B19}.Release|x86.Build.0 = Release|Any CPU
		{E7120DD4-37C5-452A-8253-A6531D0C31E5}.Debug|Any CPU.ActiveCfg = Debug|Any CPU
		{E7120DD4-37C5-452A-8253-A6531D0C31E5}.Debug|Any CPU.Build.0 = Debug|Any CPU
		{E7120DD4-37C5-452A-8253-A6531D0C31E5}.Debug|x64.ActiveCfg = Debug|Any CPU
		{E7120DD4-37C5-452A-8253-A6531D0C31E5}.Debug|x64.Build.0 = Debug|Any CPU
		{E7120DD4-37C5-452A-8253-A6531D0C31E5}.Debug|x86.ActiveCfg = Debug|Any CPU
		{E7120DD4-37C5-452A-8253-A6531D0C31E5}.Debug|x86.Build.0 = Debug|Any CPU
		{E7120DD4-37C5-452A-8253-A6531D0C31E5}.Release|Any CPU.ActiveCfg = Release|Any CPU
		{E7120DD4-37C5-452A-8253-A6531D0C31E5}.Release|Any CPU.Build.0 = Release|Any CPU
		{E7120DD4-37C5-452A-8253-A6531D0C31E5}.Release|x64.ActiveCfg = Release|Any CPU
		{E7120DD4-37C5-452A-8253-A6531D0C31E5}.Release|x64.Build.0 = Release|Any CPU
		{E7120DD4-37C5-452A-8253-A6531D0C31E5}.Release|x86.ActiveCfg = Release|Any CPU
		{E7120DD4-37C5-452A-8253-A6531D0C31E5}.Release|x86.Build.0 = Release|Any CPU
		{B4C51ECC-8C8F-4DAD-B75F-39DB1F792CAE}.Debug|Any CPU.ActiveCfg = Debug|Any CPU
		{B4C51ECC-8C8F-4DAD-B75F-39DB1F792CAE}.Debug|Any CPU.Build.0 = Debug|Any CPU
		{B4C51ECC-8C8F-4DAD-B75F-39DB1F792CAE}.Debug|x64.ActiveCfg = Debug|Any CPU
		{B4C51ECC-8C8F-4DAD-B75F-39DB1F792CAE}.Debug|x64.Build.0 = Debug|Any CPU
		{B4C51ECC-8C8F-4DAD-B75F-39DB1F792CAE}.Debug|x86.ActiveCfg = Debug|Any CPU
		{B4C51ECC-8C8F-4DAD-B75F-39DB1F792CAE}.Debug|x86.Build.0 = Debug|Any CPU
		{B4C51ECC-8C8F-4DAD-B75F-39DB1F792CAE}.Release|Any CPU.ActiveCfg = Release|Any CPU
		{B4C51ECC-8C8F-4DAD-B75F-39DB1F792CAE}.Release|Any CPU.Build.0 = Release|Any CPU
		{B4C51ECC-8C8F-4DAD-B75F-39DB1F792CAE}.Release|x64.ActiveCfg = Release|Any CPU
		{B4C51ECC-8C8F-4DAD-B75F-39DB1F792CAE}.Release|x64.Build.0 = Release|Any CPU
		{B4C51ECC-8C8F-4DAD-B75F-39DB1F792CAE}.Release|x86.ActiveCfg = Release|Any CPU
		{B4C51ECC-8C8F-4DAD-B75F-39DB1F792CAE}.Release|x86.Build.0 = Release|Any CPU
		{41722AFD-EA28-4A45-8F6B-8B3A17D31B73}.Debug|Any CPU.ActiveCfg = Debug|Any CPU
		{41722AFD-EA28-4A45-8F6B-8B3A17D31B73}.Debug|Any CPU.Build.0 = Debug|Any CPU
		{41722AFD-EA28-4A45-8F6B-8B3A17D31B73}.Debug|x64.ActiveCfg = Debug|Any CPU
		{41722AFD-EA28-4A45-8F6B-8B3A17D31B73}.Debug|x64.Build.0 = Debug|Any CPU
		{41722AFD-EA28-4A45-8F6B-8B3A17D31B73}.Debug|x86.ActiveCfg = Debug|Any CPU
		{41722AFD-EA28-4A45-8F6B-8B3A17D31B73}.Debug|x86.Build.0 = Debug|Any CPU
		{41722AFD-EA28-4A45-8F6B-8B3A17D31B73}.Release|Any CPU.ActiveCfg = Release|Any CPU
		{41722AFD-EA28-4A45-8F6B-8B3A17D31B73}.Release|Any CPU.Build.0 = Release|Any CPU
		{41722AFD-EA28-4A45-8F6B-8B3A17D31B73}.Release|x64.ActiveCfg = Release|Any CPU
		{41722AFD-EA28-4A45-8F6B-8B3A17D31B73}.Release|x64.Build.0 = Release|Any CPU
		{41722AFD-EA28-4A45-8F6B-8B3A17D31B73}.Release|x86.ActiveCfg = Release|Any CPU
		{41722AFD-EA28-4A45-8F6B-8B3A17D31B73}.Release|x86.Build.0 = Release|Any CPU
		{D061915D-D20F-4C66-AD5F-9F52ADF58A3F}.Debug|Any CPU.ActiveCfg = Debug|Any CPU
		{D061915D-D20F-4C66-AD5F-9F52ADF58A3F}.Debug|Any CPU.Build.0 = Debug|Any CPU
		{D061915D-D20F-4C66-AD5F-9F52ADF58A3F}.Debug|x64.ActiveCfg = Debug|Any CPU
		{D061915D-D20F-4C66-AD5F-9F52ADF58A3F}.Debug|x64.Build.0 = Debug|Any CPU
		{D061915D-D20F-4C66-AD5F-9F52ADF58A3F}.Debug|x86.ActiveCfg = Debug|Any CPU
		{D061915D-D20F-4C66-AD5F-9F52ADF58A3F}.Debug|x86.Build.0 = Debug|Any CPU
		{D061915D-D20F-4C66-AD5F-9F52ADF58A3F}.Release|Any CPU.ActiveCfg = Release|Any CPU
		{D061915D-D20F-4C66-AD5F-9F52ADF58A3F}.Release|Any CPU.Build.0 = Release|Any CPU
		{D061915D-D20F-4C66-AD5F-9F52ADF58A3F}.Release|x64.ActiveCfg = Release|Any CPU
		{D061915D-D20F-4C66-AD5F-9F52ADF58A3F}.Release|x64.Build.0 = Release|Any CPU
		{D061915D-D20F-4C66-AD5F-9F52ADF58A3F}.Release|x86.ActiveCfg = Release|Any CPU
		{D061915D-D20F-4C66-AD5F-9F52ADF58A3F}.Release|x86.Build.0 = Release|Any CPU
		{62BCDFF7-013F-4BE7-BD21-116D9B8EEE2E}.Debug|Any CPU.ActiveCfg = Debug|Any CPU
		{62BCDFF7-013F-4BE7-BD21-116D9B8EEE2E}.Debug|Any CPU.Build.0 = Debug|Any CPU
		{62BCDFF7-013F-4BE7-BD21-116D9B8EEE2E}.Debug|x64.ActiveCfg = Debug|Any CPU
		{62BCDFF7-013F-4BE7-BD21-116D9B8EEE2E}.Debug|x64.Build.0 = Debug|Any CPU
		{62BCDFF7-013F-4BE7-BD21-116D9B8EEE2E}.Debug|x86.ActiveCfg = Debug|Any CPU
		{62BCDFF7-013F-4BE7-BD21-116D9B8EEE2E}.Debug|x86.Build.0 = Debug|Any CPU
		{62BCDFF7-013F-4BE7-BD21-116D9B8EEE2E}.Release|Any CPU.ActiveCfg = Release|Any CPU
		{62BCDFF7-013F-4BE7-BD21-116D9B8EEE2E}.Release|Any CPU.Build.0 = Release|Any CPU
		{62BCDFF7-013F-4BE7-BD21-116D9B8EEE2E}.Release|x64.ActiveCfg = Release|Any CPU
		{62BCDFF7-013F-4BE7-BD21-116D9B8EEE2E}.Release|x64.Build.0 = Release|Any CPU
		{62BCDFF7-013F-4BE7-BD21-116D9B8EEE2E}.Release|x86.ActiveCfg = Release|Any CPU
		{62BCDFF7-013F-4BE7-BD21-116D9B8EEE2E}.Release|x86.Build.0 = Release|Any CPU
		{E3C68EB1-C58E-4DF2-A9DC-26EAEDF7C29E}.Debug|Any CPU.ActiveCfg = Debug|Any CPU
		{E3C68EB1-C58E-4DF2-A9DC-26EAEDF7C29E}.Debug|Any CPU.Build.0 = Debug|Any CPU
		{E3C68EB1-C58E-4DF2-A9DC-26EAEDF7C29E}.Debug|x64.ActiveCfg = Debug|Any CPU
		{E3C68EB1-C58E-4DF2-A9DC-26EAEDF7C29E}.Debug|x64.Build.0 = Debug|Any CPU
		{E3C68EB1-C58E-4DF2-A9DC-26EAEDF7C29E}.Debug|x86.ActiveCfg = Debug|Any CPU
		{E3C68EB1-C58E-4DF2-A9DC-26EAEDF7C29E}.Debug|x86.Build.0 = Debug|Any CPU
		{E3C68EB1-C58E-4DF2-A9DC-26EAEDF7C29E}.Release|Any CPU.ActiveCfg = Release|Any CPU
		{E3C68EB1-C58E-4DF2-A9DC-26EAEDF7C29E}.Release|Any CPU.Build.0 = Release|Any CPU
		{E3C68EB1-C58E-4DF2-A9DC-26EAEDF7C29E}.Release|x64.ActiveCfg = Release|Any CPU
		{E3C68EB1-C58E-4DF2-A9DC-26EAEDF7C29E}.Release|x64.Build.0 = Release|Any CPU
		{E3C68EB1-C58E-4DF2-A9DC-26EAEDF7C29E}.Release|x86.ActiveCfg = Release|Any CPU
		{E3C68EB1-C58E-4DF2-A9DC-26EAEDF7C29E}.Release|x86.Build.0 = Release|Any CPU
		{6C0EE925-0C85-4349-A33F-F00EB2F038D6}.Debug|Any CPU.ActiveCfg = Debug|Any CPU
		{6C0EE925-0C85-4349-A33F-F00EB2F038D6}.Debug|Any CPU.Build.0 = Debug|Any CPU
		{6C0EE925-0C85-4349-A33F-F00EB2F038D6}.Debug|x64.ActiveCfg = Debug|Any CPU
		{6C0EE925-0C85-4349-A33F-F00EB2F038D6}.Debug|x64.Build.0 = Debug|Any CPU
		{6C0EE925-0C85-4349-A33F-F00EB2F038D6}.Debug|x86.ActiveCfg = Debug|Any CPU
		{6C0EE925-0C85-4349-A33F-F00EB2F038D6}.Debug|x86.Build.0 = Debug|Any CPU
		{6C0EE925-0C85-4349-A33F-F00EB2F038D6}.Release|Any CPU.ActiveCfg = Release|Any CPU
		{6C0EE925-0C85-4349-A33F-F00EB2F038D6}.Release|Any CPU.Build.0 = Release|Any CPU
		{6C0EE925-0C85-4349-A33F-F00EB2F038D6}.Release|x64.ActiveCfg = Release|Any CPU
		{6C0EE925-0C85-4349-A33F-F00EB2F038D6}.Release|x64.Build.0 = Release|Any CPU
		{6C0EE925-0C85-4349-A33F-F00EB2F038D6}.Release|x86.ActiveCfg = Release|Any CPU
		{6C0EE925-0C85-4349-A33F-F00EB2F038D6}.Release|x86.Build.0 = Release|Any CPU
	EndGlobalSection
	GlobalSection(SolutionProperties) = preSolution
		HideSolutionNode = FALSE
	EndGlobalSection
	GlobalSection(NestedProjects) = preSolution
		{BB908735-977C-445A-BFB9-19F25972F137} = {827E0CD3-B72D-47B6-A68D-7590B98EB39B}
		{F0574B94-7462-44F8-B2E8-06CA9A784557} = {827E0CD3-B72D-47B6-A68D-7590B98EB39B}
		{E3BB4F6E-A573-46FD-AA09-B08FECF27B19} = {827E0CD3-B72D-47B6-A68D-7590B98EB39B}
		{E7120DD4-37C5-452A-8253-A6531D0C31E5} = {0AB3BF05-4346-4AA6-1389-037BE0695223}
		{B4C51ECC-8C8F-4DAD-B75F-39DB1F792CAE} = {827E0CD3-B72D-47B6-A68D-7590B98EB39B}
		{41722AFD-EA28-4A45-8F6B-8B3A17D31B73} = {827E0CD3-B72D-47B6-A68D-7590B98EB39B}
		{D061915D-D20F-4C66-AD5F-9F52ADF58A3F} = {0AB3BF05-4346-4AA6-1389-037BE0695223}
		{62BCDFF7-013F-4BE7-BD21-116D9B8EEE2E} = {0AB3BF05-4346-4AA6-1389-037BE0695223}
		{E3C68EB1-C58E-4DF2-A9DC-26EAEDF7C29E} = {C4AD9936-F0DF-1090-6077-3D4A6324E662}
		{6C0EE925-0C85-4349-A33F-F00EB2F038D6} = {0AB3BF05-4346-4AA6-1389-037BE0695223}
	EndGlobalSection
EndGlobal
